{
  "originHash" : "6369ef6ea4b8b3c4d18221f9a0ef69c5db1f8854685a3cd6037e3cf7ab237d2d",
  "pins" : [
    {
      "identity" : "files",
      "kind" : "remoteSourceControl",
      "location" : "https://github.com/brightdigit/Files.git",
      "state" : {
        "revision" : "2983eb8104844a0e874bb375356e690e31d2716e"
      }
    },
    {
      "identity" : "ink",
      "kind" : "remoteSourceControl",
      "location" : "https://github.com/brightdigit/Ink.git",
      "state" : {
        "revision" : "1cec1bfeb5ff81c51c3c12ea8ecda87bb9710fd9"
      }
    },
    {
      "identity" : "plot",
      "kind" : "remoteSourceControl",
      "location" : "https://github.com/brightdigit/Plot.git",
      "state" : {
        "revision" : "daa8daa44f8eb0a1865085ee0f36ca02aa16b7f4"
      }
    },
    {
      "identity" : "swift-cmark",
      "kind" : "remoteSourceControl",
      "location" : "https://github.com/swiftlang/swift-cmark.git",
      "state" : {
        "branch" : "gfm",
        "revision" : "0101bf2c6ff6a218f93150f340fe5ccf76d9f3aa"
      }
    },
    {
      "identity" : "swift-markdown",
      "kind" : "remoteSourceControl",
      "location" : "https://github.com/swiftlang/swift-markdown.git",
      "state" : {
        "branch" : "main",
        "revision" : "4661b550c55abde97d14e35b89e094084669f40a"
      }
    },
    {
      "identity" : "swift-subprocess",
      "kind" : "remoteSourceControl",
      "location" : "https://github.com/swiftlang/swift-subprocess.git",
      "state" : {
        "revision" : "13d087685b95d64d6aac9b94500d347bbe84c39b",
        "version" : "0.4.0"
      }
    },
    {
      "identity" : "swift-system",
      "kind" : "remoteSourceControl",
      "location" : "https://github.com/apple/swift-system",
      "state" : {
        "revision" : "7502b711c92a17741fa625d722b0ccbd595d8ed1",
        "version" : "1.7.2"
      }
    }
  ],
  "version" : 3
}
